{
  "name": "masonry",
  "version": "1.0.0",
  "lockfileVersion": 1,
  "requires": true,
  "dependencies": {
    "@heymarco/container": {
      "version": "1.0.10",
      "resolved": "https://registry.npmjs.org/@heymarco/container/-/container-1.0.10.tgz",
      "integrity": "sha512-vHb9X5oyzDzXrKGYGlEVmYltxwG1cBN0t4a9F0Tvl96a3joPkgwEtpAmvxrgSpgLxUCGcS+/rkmP1uIaO0EAag==",
      "requires": {
        "@heymarco/media-breakpoints": "^1.0.4",
        "@heymarco/scss-utils": "^1.0.3"
      }
    },
    "@heymarco/media-breakpoints": {
      "version": "1.0.4",
      "resolved": "https://registry.npmjs.org/@heymarco/media-breakpoints/-/media-breakpoints-1.0.4.tgz",
      "integrity": "sha512-HXA7WFzANAU+iTnZUgSBRmSrPeq3DmJaTt97ruPMN8hIPQkujtUfdyHv7BkempKB7TPevUxMNVYDywTI6FEvUg==",
      "requires": {
        "bootstrap": "^4.5.3"
      }
    },
    "@heymarco/scss-utils": {
      "version": "1.0.3",
      "resolved": "https://registry.npmjs.org/@heymarco/scss-utils/-/scss-utils-1.0.3.tgz",
      "integrity": "sha512-V0h5PJbxRoTNC/wm+2iXagmOI9zoz3pvj/mXyWKhcNk1vH0fjobOpQx8NrTvdUMBsV/DusfckTcYZrvFK0TbQw=="
    },
    "@heymarco/spacer": {
      "version": "1.0.2",
      "resolved": "https://registry.npmjs.org/@heymarco/spacer/-/spacer-1.0.2.tgz",
      "integrity": "sha512-vzkzPWceS76O+yL3iPB5G+gB2NovGGwTN5CPJFeATrJztYjDhhAWUUIFqLF4yILTgtaLoY8NWXuzhEejT8o9TQ=="
    },
    "bootstrap": {
      "version": "4.5.3",
      "resolved": "https://registry.npmjs.org/bootstrap/-/bootstrap-4.5.3.tgz",
      "integrity": "sha512-o9ppKQioXGqhw8Z7mah6KdTYpNQY//tipnkxppWhPbiSWdD+1raYsnhwEZjkTHYbGee4cVQ0Rx65EhOY/HNLcQ=="
    }
  }
}
